
Microsoft Visual Studio Solution File, Format Version 12.00
# Visual Studio Version 16
VisualStudioVersion = 16.0.30114.105
MinimumVisualStudioVersion = 10.0.40219.1
Project("{FAE04EC0-301F-11D3-BF4B-00C04F79EFBC}") = "Install_Cert", "Install_Cert.csproj", "{ADDC5B1B-2A40-4130-BD6E-87A0DA75D2AD}"
EndProject
Global
	GlobalSection(SolutionConfigurationPlatforms) = preSolution
		Debug|Any CPU = Debug|Any CPU
		Release|Any CPU = Release|Any CPU
	EndGlobalSection
	GlobalSection(ProjectConfigurationPlatforms) = postSolution
		{ADDC5B1B-2A40-4130-BD6E-87A0DA75D2AD}.Debug|Any CPU.ActiveCfg = Debug|Any CPU
		{ADDC5B1B-2A40-4130-BD6E-87A0DA75D2AD}.Debug|Any CPU.Build.0 = Debug|Any CPU
		{ADDC5B1B-2A40-4130-BD6E-87A0DA75D2AD}.Release|Any CPU.ActiveCfg = Release|Any CPU
		{ADDC5B1B-2A40-4130-BD6E-87A0DA75D2AD}.Release|Any CPU.Build.0 = Release|Any CPU
	EndGlobalSection
	GlobalSection(SolutionProperties) = preSolution
		HideSolutionNode = FALSE
	EndGlobalSection
	GlobalSection(ExtensibilityGlobals) = postSolution
		SolutionGuid = {46F956F3-FAE4-4CAC-AE3A-8103A7F111D8}
	EndGlobalSection
EndGlobal
